// !$*UTF8*$!
{
	archiveVersion = 1;
	classes = {
	};
	objectVersion = 42;
	objects = {

/* Begin PBXAggregateTarget section */
		64200DBC0FD42578005D41CE /* AddressBook */ = {
			isa = PBXAggregateTarget;
			buildConfigurationList = 64200DCB0FD425B7005D41CE /* Build configuration list for PBXAggregateTarget "AddressBook" */;
			buildPhases = (
				64200DE70FD428F4005D41CE /* Build Application */,
			);
			dependencies = (
			);
			name = AddressBook;
			productName = AddressBook;
		};
/* End PBXAggregateTarget section */

/* Begin PBXFileReference section */
		64049F9410FF0E70009C3AE2 /* AppController.h */ = {isa = PBXFileReference; fileEncoding = 4; lastKnownFileType = sourcecode.c.h; path = AppController.h; sourceTree = "<group>"; };
		64049FCF10FF1F40009C3AE2 /* EmailsController.h */ = {isa = PBXFileReference; fileEncoding = 4; lastKnownFileType = sourcecode.c.h; path = EmailsController.h; sourceTree = "<group>"; };
		64049FD010FF1F40009C3AE2 /* EmailsController.j */ = {isa = PBXFileReference; fileEncoding = 4; lastKnownFileType = sourcecode.objj; path = EmailsController.j; sourceTree = "<group>"; };
		641D44E00FD437FB00EACBFF /* Frameworks */ = {isa = PBXFileReference; lastKnownFileType = folder; path = Frameworks; sourceTree = SOURCE_ROOT; };
		64200A4A0FD4250F005D41CE /* main.j */ = {isa = PBXFileReference; fileEncoding = 4; lastKnownFileType = sourcecode.objj; path = main.j; sourceTree = "<group>"; };
		64200A4B0FD4250F005D41CE /* Info.plist */ = {isa = PBXFileReference; fileEncoding = 4; lastKnownFileType = text.plist.xml; path = Info.plist; sourceTree = "<group>"; };
		64200A4C0FD4250F005D41CE /* index.html */ = {isa = PBXFileReference; fileEncoding = 4; lastKnownFileType = text.html; path = index.html; sourceTree = "<group>"; };
		64200A4D0FD4250F005D41CE /* AppController.j */ = {isa = PBXFileReference; fileEncoding = 4; lastKnownFileType = sourcecode.objj; path = AppController.j; sourceTree = "<group>"; };
		642B60351153F65F00102350 /* MainMenu.xib */ = {isa = PBXFileReference; lastKnownFileType = file.xib; path = MainMenu.xib; sourceTree = "<group>"; };
		6430ADDF1104B7610003B777 /* AddressBook.eomodeld */ = {isa = PBXFileReference; lastKnownFileType = folder; path = AddressBook.eomodeld; sourceTree = "<group>"; };
		6430AE0C1104BA8E0003B777 /* DatePicker.j */ = {isa = PBXFileReference; fileEncoding = 4; lastKnownFileType = sourcecode.objj; path = DatePicker.j; sourceTree = "<group>"; };
		6430AE0D1104BA8E0003B777 /* Stepper.j */ = {isa = PBXFileReference; fileEncoding = 4; lastKnownFileType = sourcecode.objj; path = Stepper.j; sourceTree = "<group>"; };
		644066BC10EB89070080077E /* ABContextController.j */ = {isa = PBXFileReference; fileEncoding = 4; lastKnownFileType = sourcecode.objj; path = ABContextController.j; sourceTree = "<group>"; };
		648D987D10F4F00D00D9B371 /* AddressBook.xcdatamodel */ = {isa = PBXFileReference; comments = xmod; fileEncoding = 4; lastKnownFileType = wrapper.xcdatamodel; path = AddressBook.xcdatamodel; sourceTree = "<group>"; };
		64B168F30FD4E529001197CA /* index-debug.html */ = {isa = PBXFileReference; fileEncoding = 4; lastKnownFileType = text.html; path = "index-debug.html"; sourceTree = "<group>"; };
		64FDDBE910EFB60E00B63414 /* date-segment-center.png */ = {isa = PBXFileReference; lastKnownFileType = image.png; path = "date-segment-center.png"; sourceTree = "<group>"; };
		64FDDBEA10EFB60E00B63414 /* date-segment-left.png */ = {isa = PBXFileReference; lastKnownFileType = image.png; path = "date-segment-left.png"; sourceTree = "<group>"; };
		64FDDBEB10EFB60E00B63414 /* date-segment-right.png */ = {isa = PBXFileReference; lastKnownFileType = image.png; path = "date-segment-right.png"; sourceTree = "<group>"; };
		64FDDBEC10EFB60E00B63414 /* DatePickerSegment.psd */ = {isa = PBXFileReference; lastKnownFileType = file; path = DatePickerSegment.psd; sourceTree = "<group>"; };
		64FDDBEE10EFB60E00B63414 /* stepper_down.png */ = {isa = PBXFileReference; lastKnownFileType = image.png; path = stepper_down.png; sourceTree = "<group>"; };
		64FDDBEF10EFB60E00B63414 /* stepper_down_highlighted.png */ = {isa = PBXFileReference; lastKnownFileType = image.png; path = stepper_down_highlighted.png; sourceTree = "<group>"; };
		64FDDBF010EFB60E00B63414 /* stepper_middle.png */ = {isa = PBXFileReference; lastKnownFileType = image.png; path = stepper_middle.png; sourceTree = "<group>"; };
		64FDDBF110EFB60E00B63414 /* stepper_up.png */ = {isa = PBXFileReference; lastKnownFileType = image.png; path = stepper_up.png; sourceTree = "<group>"; };
		64FDDBF210EFB60E00B63414 /* stepper_up_highlighted.png */ = {isa = PBXFileReference; lastKnownFileType = image.png; path = stepper_up_highlighted.png; sourceTree = "<group>"; };
/* End PBXFileReference section */

/* Begin PBXGroup section */
		64200A3A0FD424DD005D41CE = {
			isa = PBXGroup;
			children = (
				64200DB90FD42540005D41CE /* Classes */,
				64200DBA0FD4254B005D41CE /* Others */,
				64200A470FD4250F005D41CE /* Resources */,
				641D44E00FD437FB00EACBFF /* Frameworks */,
			);
			sourceTree = "<group>";
		};
		64200A470FD4250F005D41CE /* Resources */ = {
			isa = PBXGroup;
			children = (
				642B60351153F65F00102350 /* MainMenu.xib */,
				6430ADDF1104B7610003B777 /* AddressBook.eomodeld */,
				648D987D10F4F00D00D9B371 /* AddressBook.xcdatamodel */,
				64FDDBE810EFB60E00B63414 /* DatePicker */,
				64FDDBED10EFB60E00B63414 /* Stepper */,
			);
			path = Resources;
			sourceTree = "<group>";
		};
		64200DB90FD42540005D41CE /* Classes */ = {
			isa = PBXGroup;
			children = (
				6430AE0B1104BA8E0003B777 /* DatePicker */,
				64049F9410FF0E70009C3AE2 /* AppController.h */,
				64200A4D0FD4250F005D41CE /* AppController.j */,
				644066BC10EB89070080077E /* ABContextController.j */,
				64049FCF10FF1F40009C3AE2 /* EmailsController.h */,
				64049FD010FF1F40009C3AE2 /* EmailsController.j */,
			);
			name = Classes;
			sourceTree = "<group>";
		};
		64200DBA0FD4254B005D41CE /* Others */ = {
			isa = PBXGroup;
			children = (
				64200A4A0FD4250F005D41CE /* main.j */,
				64200A4B0FD4250F005D41CE /* Info.plist */,
				64200A4C0FD4250F005D41CE /* index.html */,
				64B168F30FD4E529001197CA /* index-debug.html */,
			);
			name = Others;
			sourceTree = "<group>";
		};
		6430AE0B1104BA8E0003B777 /* DatePicker */ = {
			isa = PBXGroup;
			children = (
				6430AE0C1104BA8E0003B777 /* DatePicker.j */,
				6430AE0D1104BA8E0003B777 /* Stepper.j */,
			);
			path = DatePicker;
			sourceTree = "<group>";
		};
		64FDDBE810EFB60E00B63414 /* DatePicker */ = {
			isa = PBXGroup;
			children = (
				64FDDBE910EFB60E00B63414 /* date-segment-center.png */,
				64FDDBEA10EFB60E00B63414 /* date-segment-left.png */,
				64FDDBEB10EFB60E00B63414 /* date-segment-right.png */,
				64FDDBEC10EFB60E00B63414 /* DatePickerSegment.psd */,
			);
			path = DatePicker;
			sourceTree = "<group>";
		};
		64FDDBED10EFB60E00B63414 /* Stepper */ = {
			isa = PBXGroup;
			children = (
				64FDDBEE10EFB60E00B63414 /* stepper_down.png */,
				64FDDBEF10EFB60E00B63414 /* stepper_down_highlighted.png */,
				64FDDBF010EFB60E00B63414 /* stepper_middle.png */,
				64FDDBF110EFB60E00B63414 /* stepper_up.png */,
				64FDDBF210EFB60E00B63414 /* stepper_up_highlighted.png */,
			);
			path = Stepper;
			sourceTree = "<group>";
		};
/* End PBXGroup section */

/* Begin PBXProject section */
		64200A3C0FD424DD005D41CE /* Project object */ = {
			isa = PBXProject;
			buildConfigurationList = 64200A3F0FD424DD005D41CE /* Build configuration list for PBXProject "AddressBook" */;
			compatibilityVersion = "Xcode 2.4";
			hasScannedForEncodings = 0;
			mainGroup = 64200A3A0FD424DD005D41CE;
			projectDirPath = "";
			projectRoot = "";
			targets = (
				64200DBC0FD42578005D41CE /* AddressBook */,
			);
		};
/* End PBXProject section */

/* Begin PBXShellScriptBuildPhase section */
		64200DE70FD428F4005D41CE /* Build Application */ = {
			isa = PBXShellScriptBuildPhase;
			buildActionMask = 2147483647;
			files = (
			);
			inputPaths = (
			);
			name = "Build Application";
			outputPaths = (
			);
			runOnlyForDeploymentPostprocessing = 0;
			shellPath = /bin/sh;
			shellScript = "#!/bin/sh\n\n# Default variables\n#CAPP_FRAMEWORKS_PATH = /usr/local/narwhal/packages/cappuccino/Frameworks;\n#CAPP_BIN_PATH = /usr/local/narwhal/packages/cappuccino/bin;\n#OBJJ_RUNTIME_PATH = /usr/local/narwhal/packages/objective-j/Frameworks;\n#OBJJ_BIN_PATH = /usr/local/narwhal/packages/objective-j/bin;\n#CUSTOM_FRAMEWORKS = \"\";\n#INDEX_FILE = \"index.html\";\n#BROWSER_APP_NAME = Safari.app;\n\n### CAPPUCCINO\n#validate cappuccino Frameworks path\nif test -n \"$CAPP_FRAMEWORKS_PATH\";\nthen\n\tcappFrameworksPath=$CAPP_FRAMEWORKS_PATH;\nelse\n\tcappFrameworksPath=\"/usr/local/narwhal/packages/cappuccino/Frameworks\";\nfi\n\n#copy cappuccino frameworks\nif test -d $cappFrameworksPath;\nthen\n\trm -rf ./Frameworks;\n\tcp -rf $cappFrameworksPath .;\n\techo \"Copy Cappuccino Frameworks from location '$cappFrameworksPath'\";\nfi\n\n#validate cappuccino bin path\nif test -n \"$CAPP_BIN_PATH\";\nthen\n\tcappBinPath=\"$CAPP_BIN_PATH\";\nelse\n\tcappBinPath=\"/usr/local/narwhal/packages/cappuccino/bin\";\nfi\n\n#add cappuccino bin to profile\nPATH=${PATH}:$cappBinPath;\n\n### OBJECTIVE-J\n# validate objj runtime path\nif test -n \"$OBJJ_RUNTIME_PATH\";\nthen\n\tobjjRuntimePath=\"$OBJJ_RUNTIME_PATH\";\nelse\n\tobjjRuntimePath=\"/usr/local/narwhal/packages/objective-j/Frameworks\";\nfi\n\n# copy the objective-j runtime\nif test -d \"$OBJJ_RUNTIME_PATH\";\nthen\n\tcp -rf $objjRuntimePath/* Frameworks/\nfi\n\n# validate objj bin path\nif test -n \"$OBJJ_BIN_PATH\";\nthen\n\tobjjBinPath=\"$OBJJ_BIN_PATH\";\nelse\n\tobjjBinPath=\"/usr/local/narwhal/packages/objective-j/bin\";\nfi\n\n#add objj bin to profile\nPATH=${PATH}:$objjBinPath;\nPATH=${PATH}:\"/usr/local/narwhal/bin\";\n\n### Handle custom frameworks\n#copy custom frameworks or files to Frameworks\ncp -rf $CUSTOM_FRAMEWORKS Frameworks/\n\n\n### Handle nib and cib files\necho \"Check Interface Builder Files ....\";\n\n### for xib files\nxibFiles=$(find . -type f -name \"*.xib\");\nfor xibFile in $xibFiles; do\n cibFile=$(echo $xibFile | sed -e 's/\\.xib$/.cib/');\n test $xibFile -nt $cibFile && nib2cib $xibFile || echo \"Interface Builder File '$cibFile' is up-to-date\";\ndone;\n\n### for nib files\nnibFiles=$(find . -type d -name \"*.nib\");\nfor nibFile in $nibFiles; do\n \tcibFile=$(echo $nibFile | sed -e 's/\\.nib$/.cib/');\n\ttest $nibFile -nt $cibFile && nib2cib $nibFile || echo \"Interface Builder File \\'$cibFile\\' is up-to-date\";\ndone;\n\n\n### Handle CoreData model files\n\n# xcode 3.0\nPATH=${PATH}:\"/Library/Application Support/Apple/Developer Tools/Plug-ins/XDCoreDataModel.xdplugin/Contents/Resources/momc\";\n#xcode 3.1\nPATH=${PATH}:\"/Developer/usr/bin/momc\";\n\nxcdmodels=$(find . -type d -name \"*.xcdatamodel\");\nfor xcdmodel in $xcdmodels; do\n\txccpdfile=$(echo $xcdmodel | sed -e 's/\\.xcdatamodel$/.cxcdatamodel/');\n\t#3.0 momc location: \"/Library/Application Support/Apple/Developer Tools/Plug-ins/XDCoreDataModel.xdplugin/Contents/Resources/momc\"\n\t/Developer/usr/bin/momc $xcdmodel $xccpdfile\n\tplutil -convert xml1 $xccpdfile\ndone;";
		};
/* End PBXShellScriptBuildPhase section */

/* Begin XCBuildConfiguration section */
		64200A3E0FD424DD005D41CE /* Release */ = {
			isa = XCBuildConfiguration;
			buildSettings = {
				BROWSER_APP_NAME = Safari.app;
				COPY_PHASE_STRIP = YES;
				CUSTOM_FRAMEWORKS = "";
				INDEX_FILE = index.html;
				NARWHAL_BIN_PATH = /usr/local/narwhal/bin;
				OBJJ_BIN_PATH = /usr/local/narwhal/packages/cappuccino/bin;
				OBJJ_FRAMEWORKS_PATH = /usr/local/narwhal/packages/cappuccino/Frameworks;
				OBJJ_RUNTIME_PATH = "/usr/local/narwhal/packages/objective-j/Frameworks";
			};
			name = Release;
		};
		64200DBE0FD42578005D41CE /* Release */ = {
			isa = XCBuildConfiguration;
			buildSettings = {
				BROWSER_APP_NAME = Safari.app;
				CAPP_BIN_PATH = /usr/local/narwhal/packages/cappuccino/bin;
				CAPP_FRAMEWORKS_PATH = /usr/local/narwhal/packages/cappuccino/Frameworks;
				COPY_PHASE_STRIP = YES;
				CUSTOM_FRAMEWORKS = "/Users/raphael/Development/public/Cappuccino/CoreData-Cappuccino/CoreData";
				DEBUG_INFORMATION_FORMAT = "dwarf-with-dsym";
				GCC_ENABLE_FIX_AND_CONTINUE = NO;
				NARWHAL_BIN_PATH = ...;
				OBJJ_BIN_PATH = "/usr/local/narwhal/packages/objective-j/bin";
				OBJJ_FRAMEWORKS_PATH = ...;
				PRODUCT_NAME = Untitled;
				ZERO_LINK = NO;
			};
			name = Release;
		};
		64A306A10FD4E183000D6AD7 /* Debug */ = {
			isa = XCBuildConfiguration;
			buildSettings = {
				BROWSER_APP_NAME = Safari.app;
				COPY_PHASE_STRIP = YES;
				CUSTOM_FRAMEWORKS = "";
				INDEX_FILE = "index-debug.html";
				NARWHAL_BIN_PATH = /usr/local/narwhal/bin;
				OBJJ_BIN_PATH = /usr/local/narwhal/packages/cappuccino/bin;
				OBJJ_FRAMEWORKS_PATH = /usr/local/narwhal/packages/cappuccino/Frameworks;
				OBJJ_RUNTIME_PATH = "/usr/local/narwhal/packages/objective-j/Frameworks";
			};
			name = Debug;
		};
		64A306A20FD4E183000D6AD7 /* Debug */ = {
			isa = XCBuildConfiguration;
			buildSettings = {
				BROWSER_APP_NAME = Safari.app;
				CAPP_BIN_PATH = /usr/local/narwhal/packages/cappuccino/bin;
				CAPP_FRAMEWORKS_PATH = /usr/local/narwhal/packages/cappuccino/Frameworks;
				COPY_PHASE_STRIP = YES;
				CUSTOM_FRAMEWORKS = "/Users/raphael/Development/public/Cappuccino/CoreData-Cappuccino/CoreData";
				DEBUG_INFORMATION_FORMAT = "dwarf-with-dsym";
				GCC_ENABLE_FIX_AND_CONTINUE = NO;
				NARWHAL_BIN_PATH = ...;
				OBJJ_BIN_PATH = "/usr/local/narwhal/packages/objective-j/bin";
				OBJJ_FRAMEWORKS_PATH = ...;
				PRODUCT_NAME = Untitled;
				ZERO_LINK = NO;
			};
			name = Debug;
		};
/* End XCBuildConfiguration section */

/* Begin XCConfigurationList section */
		64200A3F0FD424DD005D41CE /* Build configuration list for PBXProject "AddressBook" */ = {
			isa = XCConfigurationList;
			buildConfigurations = (
				64A306A10FD4E183000D6AD7 /* Debug */,
				64200A3E0FD424DD005D41CE /* Release */,
			);
			defaultConfigurationIsVisible = 0;
			defaultConfigurationName = Release;
		};
		64200DCB0FD425B7005D41CE /* Build configuration list for PBXAggregateTarget "AddressBook" */ = {
			isa = XCConfigurationList;
			buildConfigurations = (
				64A306A20FD4E183000D6AD7 /* Debug */,
				64200DBE0FD42578005D41CE /* Release */,
			);
			defaultConfigurationIsVisible = 0;
			defaultConfigurationName = Release;
		};
/* End XCConfigurationList section */
	};
	rootObject = 64200A3C0FD424DD005D41CE /* Project object */;
}
